
Microsoft Visual Studio Solution File, Format Version 12.00
Project("{FAE04EC0-301F-11D3-BF4B-00C04F79EFBC}") = "BaseConverter", "BaseConverter\BaseConverter.csproj", "{24958E26-6939-4271-A7B6-4E86A42E3ACB}"
EndProject
Project("{FAE04EC0-301F-11D3-BF4B-00C04F79EFBC}") = "TestConverter", "..\tests\TestConverter\TestConverter.csproj", "{78FF90AB-ACBF-45D3-9436-0DE1078BA973}"
EndProject
Project("{FAE04EC0-301F-11D3-BF4B-00C04F79EFBC}") = "WebApplication1", "..\tests\WebApplication1\WebApplication1.csproj", "{01C89FE0-14D9-45D1-86C3-16842EBADEB3}"
EndProject
Global
	GlobalSection(SolutionConfigurationPlatforms) = preSolution
		Debug|Any CPU = Debug|Any CPU
		Release|Any CPU = Release|Any CPU
	EndGlobalSection
	GlobalSection(ProjectConfigurationPlatforms) = postSolution
		{24958E26-6939-4271-A7B6-4E86A42E3ACB}.Debug|Any CPU.ActiveCfg = Debug|Any CPU
		{24958E26-6939-4271-A7B6-4E86A42E3ACB}.Debug|Any CPU.Build.0 = Debug|Any CPU
		{24958E26-6939-4271-A7B6-4E86A42E3ACB}.Release|Any CPU.ActiveCfg = Release|Any CPU
		{24958E26-6939-4271-A7B6-4E86A42E3ACB}.Release|Any CPU.Build.0 = Release|Any CPU
		{78FF90AB-ACBF-45D3-9436-0DE1078BA973}.Debug|Any CPU.ActiveCfg = Debug|Any CPU
		{78FF90AB-ACBF-45D3-9436-0DE1078BA973}.Debug|Any CPU.Build.0 = Debug|Any CPU
		{78FF90AB-ACBF-45D3-9436-0DE1078BA973}.Release|Any CPU.ActiveCfg = Release|Any CPU
		{78FF90AB-ACBF-45D3-9436-0DE1078BA973}.Release|Any CPU.Build.0 = Release|Any CPU
		{01C89FE0-14D9-45D1-86C3-16842EBADEB3}.Debug|Any CPU.ActiveCfg = Debug|Any CPU
		{01C89FE0-14D9-45D1-86C3-16842EBADEB3}.Debug|Any CPU.Build.0 = Debug|Any CPU
		{01C89FE0-14D9-45D1-86C3-16842EBADEB3}.Release|Any CPU.ActiveCfg = Release|Any CPU
		{01C89FE0-14D9-45D1-86C3-16842EBADEB3}.Release|Any CPU.Build.0 = Release|Any CPU
	EndGlobalSection
EndGlobal
